
Microsoft Visual Studio Solution File, Format Version 12.00
# Visual Studio Version 16
VisualStudioVersion = 16.0.29411.108
MinimumVisualStudioVersion = 10.0.40219.1
Project("{9A19103F-16F7-4668-BE54-9A1E7A4F7556}") = "AravindReddy_K_301101869", "AravindReddy_K_301101869\AravindReddy_K_301101869.csproj", "{15D8F167-BE66-48BA-AA5F-2375734AD3D8}"
EndProject
Global
	GlobalSection(SolutionConfigurationPlatforms) = preSolution
		Debug|Any CPU = Debug|Any CPU
		Release|Any CPU = Release|Any CPU
	EndGlobalSection
	GlobalSection(ProjectConfigurationPlatforms) = postSolution
		{15D8F167-BE66-48BA-AA5F-2375734AD3D8}.Debug|Any CPU.ActiveCfg = Debug|Any CPU
		{15D8F167-BE66-48BA-AA5F-2375734AD3D8}.Debug|Any CPU.Build.0 = Debug|Any CPU
		{15D8F167-BE66-48BA-AA5F-2375734AD3D8}.Release|Any CPU.ActiveCfg = Release|Any CPU
		{15D8F167-BE66-48BA-AA5F-2375734AD3D8}.Release|Any CPU.Build.0 = Release|Any CPU
	EndGlobalSection
	GlobalSection(SolutionProperties) = preSolution
		HideSolutionNode = FALSE
	EndGlobalSection
	GlobalSection(ExtensibilityGlobals) = postSolution
		SolutionGuid = {7DBB440E-3F14-42A7-9556-E606D867C70A}
	EndGlobalSection
EndGlobal
